// !$*UTF8*$!
{
	archiveVersion = 1;
	classes = {
	};
	objectVersion = 48;
	objects = {

/* Begin PBXBuildFile section */
		46E5F1C92119BCB3001AF964 /* main.cpp in Sources */ = {isa = PBXBuildFile; fileRef = 46E5F1C82119BCB3001AF964 /* main.cpp */; };
		46E5F1D12119BD0F001AF964 /* Stem.cpp in Sources */ = {isa = PBXBuildFile; fileRef = 46E5F1CF2119BD0F001AF964 /* Stem.cpp */; };
/* End PBXBuildFile section */

/* Begin PBXCopyFilesBuildPhase section */
		46E5F1C32119BCB3001AF964 /* CopyFiles */ = {
			isa = PBXCopyFilesBuildPhase;
			buildActionMask = 2147483647;
			dstPath = /usr/share/man/man1/;
			dstSubfolderSpec = 0;
			files = (
			);
			runOnlyForDeploymentPostprocessing = 1;
		};
/* End PBXCopyFilesBuildPhase section */

/* Begin PBXFileReference section */
		46E5F1C52119BCB3001AF964 /* Stemmer */ = {isa = PBXFileReference; explicitFileType = "compiled.mach-o.executable"; includeInIndex = 0; path = Stemmer; sourceTree = BUILT_PRODUCTS_DIR; };
		46E5F1C82119BCB3001AF964 /* main.cpp */ = {isa = PBXFileReference; lastKnownFileType = sourcecode.cpp.cpp; path = main.cpp; sourceTree = "<group>"; };
		46E5F1CF2119BD0F001AF964 /* Stem.cpp */ = {isa = PBXFileReference; lastKnownFileType = sourcecode.cpp.cpp; path = Stem.cpp; sourceTree = "<group>"; };
		46E5F1D02119BD0F001AF964 /* Stem.hpp */ = {isa = PBXFileReference; lastKnownFileType = sourcecode.cpp.h; path = Stem.hpp; sourceTree = "<group>"; };
		46E5F1D5211B125D001AF964 /* voc.txt */ = {isa = PBXFileReference; fileEncoding = 4; lastKnownFileType = text; path = voc.txt; sourceTree = "<group>"; };
		46E5F1D6211B125D001AF964 /* output.txt */ = {isa = PBXFileReference; fileEncoding = 4; lastKnownFileType = text; path = output.txt; sourceTree = "<group>"; };
/* End PBXFileReference section */

/* Begin PBXFrameworksBuildPhase section */
		46E5F1C22119BCB3001AF964 /* Frameworks */ = {
			isa = PBXFrameworksBuildPhase;
			buildActionMask = 2147483647;
			files = (
			);
			runOnlyForDeploymentPostprocessing = 0;
		};
/* End PBXFrameworksBuildPhase section */

/* Begin PBXGroup section */
		46E5F1BC2119BCB3001AF964 = {
			isa = PBXGroup;
			children = (
				46E5F1C72119BCB3001AF964 /* Stemmer */,
				46E5F1C62119BCB3001AF964 /* Products */,
				46E5F1D2211B0D3A001AF964 /* Assets */,
			);
			sourceTree = "<group>";
		};
		46E5F1C62119BCB3001AF964 /* Products */ = {
			isa = PBXGroup;
			children = (
				46E5F1C52119BCB3001AF964 /* Stemmer */,
			);
			name = Products;
			sourceTree = "<group>";
		};
		46E5F1C72119BCB3001AF964 /* Stemmer */ = {
			isa = PBXGroup;
			children = (
				46E5F1C82119BCB3001AF964 /* main.cpp */,
				46E5F1CF2119BD0F001AF964 /* Stem.cpp */,
				46E5F1D02119BD0F001AF964 /* Stem.hpp */,
			);
			path = Stemmer;
			sourceTree = "<group>";
		};
		46E5F1D2211B0D3A001AF964 /* Assets */ = {
			isa = PBXGroup;
			children = (
				46E5F1D6211B125D001AF964 /* output.txt */,
				46E5F1D5211B125D001AF964 /* voc.txt */,
			);
			path = Assets;
			sourceTree = "<group>";
		};
/* End PBXGroup section */

/* Begin PBXNativeTarget section */
		46E5F1C42119BCB3001AF964 /* Stemmer */ = {
			isa = PBXNativeTarget;
			buildConfigurationList = 46E5F1CC2119BCB3001AF964 /* Build configuration list for PBXNativeTarget "Stemmer" */;
			buildPhases = (
				46E5F1C12119BCB3001AF964 /* Sources */,
				46E5F1C22119BCB3001AF964 /* Frameworks */,
				46E5F1C32119BCB3001AF964 /* CopyFiles */,
			);
			buildRules = (
			);
			dependencies = (
			);
			name = Stemmer;
			productName = Stemmer;
			productReference = 46E5F1C52119BCB3001AF964 /* Stemmer */;
			productType = "com.apple.product-type.tool";
		};
/* End PBXNativeTarget section */

/* Begin PBXProject section */
		46E5F1BD2119BCB3001AF964 /* Project object */ = {
			isa = PBXProject;
			attributes = {
				LastUpgradeCheck = 0920;
				ORGANIZATIONNAME = "dogukan avci";
				TargetAttributes = {
					46E5F1C42119BCB3001AF964 = {
						CreatedOnToolsVersion = 9.2;
						ProvisioningStyle = Automatic;
					};
				};
			};
			buildConfigurationList = 46E5F1C02119BCB3001AF964 /* Build configuration list for PBXProject "Stemmer" */;
			compatibilityVersion = "Xcode 8.0";
			developmentRegion = en;
			hasScannedForEncodings = 0;
			knownRegions = (
				en,
			);
			mainGroup = 46E5F1BC2119BCB3001AF964;
			productRefGroup = 46E5F1C62119BCB3001AF964 /* Products */;
			projectDirPath = "";
			projectRoot = "";
			targets = (
				46E5F1C42119BCB3001AF964 /* Stemmer */,
			);
		};
/* End PBXProject section */

/* Begin PBXSourcesBuildPhase section */
		46E5F1C12119BCB3001AF964 /* Sources */ = {
			isa = PBXSourcesBuildPhase;
			buildActionMask = 2147483647;
			files = (
				46E5F1D12119BD0F001AF964 /* Stem.cpp in Sources */,
				46E5F1C92119BCB3001AF964 /* main.cpp in Sources */,
			);
			runOnlyForDeploymentPostprocessing = 0;
		};
/* End PBXSourcesBuildPhase section */

/* Begin XCBuildConfiguration section */
		46E5F1CA2119BCB3001AF964 /* Debug */ = {
			isa = XCBuildConfiguration;
			buildSettings = {
				ALWAYS_SEARCH_USER_PATHS = NO;
				CLANG_ANALYZER_NONNULL = YES;
				CLANG_ANALYZER_NUMBER_OBJECT_CONVERSION = YES_AGGRESSIVE;
				CLANG_CXX_LANGUAGE_STANDARD = "gnu++14";
				CLANG_CXX_LIBRARY = "libc++";
				CLANG_ENABLE_MODULES = YES;
				CLANG_ENABLE_OBJC_ARC = YES;
				CLANG_WARN_BLOCK_CAPTURE_AUTORELEASING = YES;
				CLANG_WARN_BOOL_CONVERSION = YES;
				CLANG_WARN_COMMA = YES;
				CLANG_WARN_CONSTANT_CONVERSION = YES;
				CLANG_WARN_DIRECT_OBJC_ISA_USAGE = YES_ERROR;
				CLANG_WARN_DOCUMENTATION_COMMENTS = YES;
				CLANG_WARN_EMPTY_BODY = YES;
				CLANG_WARN_ENUM_CONVERSION = YES;
				CLANG_WARN_INFINITE_RECURSION = YES;
				CLANG_WARN_INT_CONVERSION = YES;
				CLANG_WARN_NON_LITERAL_NULL_CONVERSION = YES;
				CLANG_WARN_OBJC_LITERAL_CONVERSION = YES;
				CLANG_WARN_OBJC_ROOT_CLASS = YES_ERROR;
				CLANG_WARN_RANGE_LOOP_ANALYSIS = YES;
				CLANG_WARN_STRICT_PROTOTYPES = YES;
				CLANG_WARN_SUSPICIOUS_MOVE = YES;
				CLANG_WARN_UNGUARDED_AVAILABILITY = YES_AGGRESSIVE;
				CLANG_WARN_UNREACHABLE_CODE = YES;
				CLANG_WARN__DUPLICATE_METHOD_MATCH = YES;
				CODE_SIGN_IDENTITY = "-";
				COPY_PHASE_STRIP = NO;
				DEBUG_INFORMATION_FORMAT = dwarf;
				ENABLE_STRICT_OBJC_MSGSEND = YES;
				ENABLE_TESTABILITY = YES;
				GCC_C_LANGUAGE_STANDARD = gnu11;
				GCC_DYNAMIC_NO_PIC = NO;
				GCC_NO_COMMON_BLOCKS = YES;
				GCC_OPTIMIZATION_LEVEL = 0;
				GCC_PREPROCESSOR_DEFINITIONS = (
					"DEBUG=1",
					"$(inherited)",
				);
				GCC_WARN_64_TO_32_BIT_CONVERSION = YES;
				GCC_WARN_ABOUT_RETURN_TYPE = YES_ERROR;
				GCC_WARN_UNDECLARED_SELECTOR = YES;
				GCC_WARN_UNINITIALIZED_AUTOS = YES_AGGRESSIVE;
				GCC_WARN_UNUSED_FUNCTION = YES;
				GCC_WARN_UNUSED_VARIABLE = YES;
				MACOSX_DEPLOYMENT_TARGET = 10.12;
				MTL_ENABLE_DEBUG_INFO = YES;
				ONLY_ACTIVE_ARCH = YES;
				SDKROOT = macosx;
			};
			name = Debug;
		};
		46E5F1CB2119BCB3001AF964 /* Release */ = {
			isa = XCBuildConfiguration;
			buildSettings = {
				ALWAYS_SEARCH_USER_PATHS = NO;
				CLANG_ANALYZER_NONNULL = YES;
				CLANG_ANALYZER_NUMBER_OBJECT_CONVERSION = YES_AGGRESSIVE;
				CLANG_CXX_LANGUAGE_STANDARD = "gnu++14";
				CLANG_CXX_LIBRARY = "libc++";
				CLANG_ENABLE_MODULES = YES;
				CLANG_ENABLE_OBJC_ARC = YES;
				CLANG_WARN_BLOCK_CAPTURE_AUTORELEASING = YES;
				CLANG_WARN_BOOL_CONVERSION = YES;
				CLANG_WARN_COMMA = YES;
				CLANG_WARN_CONSTANT_CONVERSION = YES;
				CLANG_WARN_DIRECT_OBJC_ISA_USAGE = YES_ERROR;
				CLANG_WARN_DOCUMENTATION_COMMENTS = YES;
				CLANG_WARN_EMPTY_BODY = YES;
				CLANG_WARN_ENUM_CONVERSION = YES;
				CLANG_WARN_INFINITE_RECURSION = YES;
				CLANG_WARN_INT_CONVERSION = YES;
				CLANG_WARN_NON_LITERAL_NULL_CONVERSION = YES;
				CLANG_WARN_OBJC_LITERAL_CONVERSION = YES;
				CLANG_WARN_OBJC_ROOT_CLASS = YES_ERROR;
				CLANG_WARN_RANGE_LOOP_ANALYSIS = YES;
				CLANG_WARN_STRICT_PROTOTYPES = YES;
				CLANG_WARN_SUSPICIOUS_MOVE = YES;
				CLANG_WARN_UNGUARDED_AVAILABILITY = YES_AGGRESSIVE;
				CLANG_WARN_UNREACHABLE_CODE = YES;
				CLANG_WARN__DUPLICATE_METHOD_MATCH = YES;
				CODE_SIGN_IDENTITY = "-";
				COPY_PHASE_STRIP = NO;
				DEBUG_INFORMATION_FORMAT = "dwarf-with-dsym";
				ENABLE_NS_ASSERTIONS = NO;
				ENABLE_STRICT_OBJC_MSGSEND = YES;
				GCC_C_LANGUAGE_STANDARD = gnu11;
				GCC_NO_COMMON_BLOCKS = YES;
				GCC_WARN_64_TO_32_BIT_CONVERSION = YES;
				GCC_WARN_ABOUT_RETURN_TYPE = YES_ERROR;
				GCC_WARN_UNDECLARED_SELECTOR = YES;
				GCC_WARN_UNINITIALIZED_AUTOS = YES_AGGRESSIVE;
				GCC_WARN_UNUSED_FUNCTION = YES;
				GCC_WARN_UNUSED_VARIABLE = YES;
				MACOSX_DEPLOYMENT_TARGET = 10.12;
				MTL_ENABLE_DEBUG_INFO = NO;
				SDKROOT = macosx;
			};
			name = Release;
		};
		46E5F1CD2119BCB3001AF964 /* Debug */ = {
			isa = XCBuildConfiguration;
			buildSettings = {
				CODE_SIGN_STYLE = Automatic;
				PRODUCT_NAME = "$(TARGET_NAME)";
			};
			name = Debug;
		};
		46E5F1CE2119BCB3001AF964 /* Release */ = {
			isa = XCBuildConfiguration;
			buildSettings = {
				CODE_SIGN_STYLE = Automatic;
				PRODUCT_NAME = "$(TARGET_NAME)";
			};
			name = Release;
		};
/* End XCBuildConfiguration section */

/* Begin XCConfigurationList section */
		46E5F1C02119BCB3001AF964 /* Build configuration list for PBXProject "Stemmer" */ = {
			isa = XCConfigurationList;
			buildConfigurations = (
				46E5F1CA2119BCB3001AF964 /* Debug */,
				46E5F1CB2119BCB3001AF964 /* Release */,
			);
			defaultConfigurationIsVisible = 0;
			defaultConfigurationName = Release;
		};
		46E5F1CC2119BCB3001AF964 /* Build configuration list for PBXNativeTarget "Stemmer" */ = {
			isa = XCConfigurationList;
			buildConfigurations = (
				46E5F1CD2119BCB3001AF964 /* Debug */,
				46E5F1CE2119BCB3001AF964 /* Release */,
			);
			defaultConfigurationIsVisible = 0;
			defaultConfigurationName = Release;
		};
/* End XCConfigurationList section */
	};
	rootObject = 46E5F1BD2119BCB3001AF964 /* Project object */;
}
